// !$*UTF8*$!
{
	archiveVersion = 1;
	classes = {
	};
	objectVersion = 48;
	objects = {

/* Begin PBXBuildFile section */
		EC4060C8207CF43B002417A8 /* main.c in Sources */ = {isa = PBXBuildFile; fileRef = EC4060C7207CF43B002417A8 /* main.c */; };
		EC6CC5352088D2EB00EA1627 /* Patricia.c in Sources */ = {isa = PBXBuildFile; fileRef = EC6CC5342088D2EB00EA1627 /* Patricia.c */; };
		ECB158FF20862B00007E3D1A /* TST.c in Sources */ = {isa = PBXBuildFile; fileRef = ECB158FE20862B00007E3D1A /* TST.c */; };
/* End PBXBuildFile section */

/* Begin PBXCopyFilesBuildPhase section */
		EC4060C2207CF43B002417A8 /* CopyFiles */ = {
			isa = PBXCopyFilesBuildPhase;
			buildActionMask = 2147483647;
			dstPath = /usr/share/man/man1/;
			dstSubfolderSpec = 0;
			files = (
			);
			runOnlyForDeploymentPostprocessing = 1;
		};
/* End PBXCopyFilesBuildPhase section */

/* Begin PBXFileReference section */
		EC4060C4207CF43B002417A8 /* aeds2-tp1 */ = {isa = PBXFileReference; explicitFileType = "compiled.mach-o.executable"; includeInIndex = 0; path = "aeds2-tp1"; sourceTree = BUILT_PRODUCTS_DIR; };
		EC4060C7207CF43B002417A8 /* main.c */ = {isa = PBXFileReference; lastKnownFileType = sourcecode.c.c; path = main.c; sourceTree = "<group>"; };
		EC6CC5332088D2EB00EA1627 /* Patricia.h */ = {isa = PBXFileReference; lastKnownFileType = sourcecode.c.h; path = Patricia.h; sourceTree = "<group>"; };
		EC6CC5342088D2EB00EA1627 /* Patricia.c */ = {isa = PBXFileReference; lastKnownFileType = sourcecode.c.c; path = Patricia.c; sourceTree = "<group>"; };
		ECB158FD20862B00007E3D1A /* TST.h */ = {isa = PBXFileReference; lastKnownFileType = sourcecode.c.h; path = TST.h; sourceTree = "<group>"; };
		ECB158FE20862B00007E3D1A /* TST.c */ = {isa = PBXFileReference; lastKnownFileType = sourcecode.c.c; path = TST.c; sourceTree = "<group>"; };
		ECB159002086380A007E3D1A /* dicionario.txt */ = {isa = PBXFileReference; lastKnownFileType = text; path = dicionario.txt; sourceTree = "<group>"; };
		ECB159012086397C007E3D1A /* texto1.txt */ = {isa = PBXFileReference; lastKnownFileType = text; path = texto1.txt; sourceTree = "<group>"; };
		ECB159022086398C007E3D1A /* texto2.txt */ = {isa = PBXFileReference; lastKnownFileType = text; path = texto2.txt; sourceTree = "<group>"; };
		ECB1590320863998007E3D1A /* texto3.txt */ = {isa = PBXFileReference; lastKnownFileType = text; path = texto3.txt; sourceTree = "<group>"; };
/* End PBXFileReference section */

/* Begin PBXFrameworksBuildPhase section */
		EC4060C1207CF43B002417A8 /* Frameworks */ = {
			isa = PBXFrameworksBuildPhase;
			buildActionMask = 2147483647;
			files = (
			);
			runOnlyForDeploymentPostprocessing = 0;
		};
/* End PBXFrameworksBuildPhase section */

/* Begin PBXGroup section */
		EC4060BB207CF43B002417A8 = {
			isa = PBXGroup;
			children = (
				EC4060C6207CF43B002417A8 /* aeds2-tp1 */,
				EC4060C5207CF43B002417A8 /* Products */,
			);
			sourceTree = "<group>";
		};
		EC4060C5207CF43B002417A8 /* Products */ = {
			isa = PBXGroup;
			children = (
				EC4060C4207CF43B002417A8 /* aeds2-tp1 */,
			);
			name = Products;
			sourceTree = "<group>";
		};
		EC4060C6207CF43B002417A8 /* aeds2-tp1 */ = {
			isa = PBXGroup;
			children = (
				EC4060C7207CF43B002417A8 /* main.c */,
				ECB158FD20862B00007E3D1A /* TST.h */,
				ECB158FE20862B00007E3D1A /* TST.c */,
				ECB159002086380A007E3D1A /* dicionario.txt */,
				ECB159012086397C007E3D1A /* texto1.txt */,
				ECB159022086398C007E3D1A /* texto2.txt */,
				ECB1590320863998007E3D1A /* texto3.txt */,
				EC6CC5332088D2EB00EA1627 /* Patricia.h */,
				EC6CC5342088D2EB00EA1627 /* Patricia.c */,
			);
			path = "aeds2-tp1";
			sourceTree = "<group>";
		};
/* End PBXGroup section */

/* Begin PBXNativeTarget section */
		EC4060C3207CF43B002417A8 /* aeds2-tp1 */ = {
			isa = PBXNativeTarget;
			buildConfigurationList = EC4060CB207CF43B002417A8 /* Build configuration list for PBXNativeTarget "aeds2-tp1" */;
			buildPhases = (
				EC4060C0207CF43B002417A8 /* Sources */,
				EC4060C1207CF43B002417A8 /* Frameworks */,
				EC4060C2207CF43B002417A8 /* CopyFiles */,
			);
			buildRules = (
			);
			dependencies = (
			);
			name = "aeds2-tp1";
			productName = "aeds2-tp1";
			productReference = EC4060C4207CF43B002417A8 /* aeds2-tp1 */;
			productType = "com.apple.product-type.tool";
		};
/* End PBXNativeTarget section */

/* Begin PBXProject section */
		EC4060BC207CF43B002417A8 /* Project object */ = {
			isa = PBXProject;
			attributes = {
				LastUpgradeCheck = 0920;
				ORGANIZATIONNAME = "UFV Florestal";
				TargetAttributes = {
					EC4060C3207CF43B002417A8 = {
						CreatedOnToolsVersion = 9.2;
						ProvisioningStyle = Automatic;
					};
				};
			};
			buildConfigurationList = EC4060BF207CF43B002417A8 /* Build configuration list for PBXProject "aeds2-tp1" */;
			compatibilityVersion = "Xcode 8.0";
			developmentRegion = en;
			hasScannedForEncodings = 0;
			knownRegions = (
				en,
			);
			mainGroup = EC4060BB207CF43B002417A8;
			productRefGroup = EC4060C5207CF43B002417A8 /* Products */;
			projectDirPath = "";
			projectRoot = "";
			targets = (
				EC4060C3207CF43B002417A8 /* aeds2-tp1 */,
			);
		};
/* End PBXProject section */

/* Begin PBXSourcesBuildPhase section */
		EC4060C0207CF43B002417A8 /* Sources */ = {
			isa = PBXSourcesBuildPhase;
			buildActionMask = 2147483647;
			files = (
				EC4060C8207CF43B002417A8 /* main.c in Sources */,
				EC6CC5352088D2EB00EA1627 /* Patricia.c in Sources */,
				ECB158FF20862B00007E3D1A /* TST.c in Sources */,
			);
			runOnlyForDeploymentPostprocessing = 0;
		};
/* End PBXSourcesBuildPhase section */

/* Begin XCBuildConfiguration section */
		EC4060C9207CF43B002417A8 /* Debug */ = {
			isa = XCBuildConfiguration;
			buildSettings = {
				ALWAYS_SEARCH_USER_PATHS = NO;
				CLANG_ANALYZER_NONNULL = YES;
				CLANG_ANALYZER_NUMBER_OBJECT_CONVERSION = YES_AGGRESSIVE;
				CLANG_CXX_LANGUAGE_STANDARD = "gnu++14";
				CLANG_CXX_LIBRARY = "libc++";
				CLANG_ENABLE_MODULES = YES;
				CLANG_ENABLE_OBJC_ARC = YES;
				CLANG_WARN_BLOCK_CAPTURE_AUTORELEASING = YES;
				CLANG_WARN_BOOL_CONVERSION = YES;
				CLANG_WARN_COMMA = YES;
				CLANG_WARN_CONSTANT_CONVERSION = YES;
				CLANG_WARN_DIRECT_OBJC_ISA_USAGE = YES_ERROR;
				CLANG_WARN_DOCUMENTATION_COMMENTS = YES;
				CLANG_WARN_EMPTY_BODY = YES;
				CLANG_WARN_ENUM_CONVERSION = YES;
				CLANG_WARN_INFINITE_RECURSION = YES;
				CLANG_WARN_INT_CONVERSION = YES;
				CLANG_WARN_NON_LITERAL_NULL_CONVERSION = YES;
				CLANG_WARN_OBJC_LITERAL_CONVERSION = YES;
				CLANG_WARN_OBJC_ROOT_CLASS = YES_ERROR;
				CLANG_WARN_RANGE_LOOP_ANALYSIS = YES;
				CLANG_WARN_STRICT_PROTOTYPES = YES;
				CLANG_WARN_SUSPICIOUS_MOVE = YES;
				CLANG_WARN_UNGUARDED_AVAILABILITY = YES_AGGRESSIVE;
				CLANG_WARN_UNREACHABLE_CODE = YES;
				CLANG_WARN__DUPLICATE_METHOD_MATCH = YES;
				CODE_SIGN_IDENTITY = "-";
				COPY_PHASE_STRIP = NO;
				DEBUG_INFORMATION_FORMAT = dwarf;
				ENABLE_STRICT_OBJC_MSGSEND = YES;
				ENABLE_TESTABILITY = YES;
				GCC_C_LANGUAGE_STANDARD = gnu11;
				GCC_DYNAMIC_NO_PIC = NO;
				GCC_NO_COMMON_BLOCKS = YES;
				GCC_OPTIMIZATION_LEVEL = 0;
				GCC_PREPROCESSOR_DEFINITIONS = (
					"DEBUG=1",
					"$(inherited)",
				);
				GCC_WARN_64_TO_32_BIT_CONVERSION = YES;
				GCC_WARN_ABOUT_RETURN_TYPE = YES_ERROR;
				GCC_WARN_UNDECLARED_SELECTOR = YES;
				GCC_WARN_UNINITIALIZED_AUTOS = YES_AGGRESSIVE;
				GCC_WARN_UNUSED_FUNCTION = YES;
				GCC_WARN_UNUSED_VARIABLE = YES;
				MACOSX_DEPLOYMENT_TARGET = 10.13;
				MTL_ENABLE_DEBUG_INFO = YES;
				ONLY_ACTIVE_ARCH = YES;
				SDKROOT = macosx;
			};
			name = Debug;
		};
		EC4060CA207CF43B002417A8 /* Release */ = {
			isa = XCBuildConfiguration;
			buildSettings = {
				ALWAYS_SEARCH_USER_PATHS = NO;
				CLANG_ANALYZER_NONNULL = YES;
				CLANG_ANALYZER_NUMBER_OBJECT_CONVERSION = YES_AGGRESSIVE;
				CLANG_CXX_LANGUAGE_STANDARD = "gnu++14";
				CLANG_CXX_LIBRARY = "libc++";
				CLANG_ENABLE_MODULES = YES;
				CLANG_ENABLE_OBJC_ARC = YES;
				CLANG_WARN_BLOCK_CAPTURE_AUTORELEASING = YES;
				CLANG_WARN_BOOL_CONVERSION = YES;
				CLANG_WARN_COMMA = YES;
				CLANG_WARN_CONSTANT_CONVERSION = YES;
				CLANG_WARN_DIRECT_OBJC_ISA_USAGE = YES_ERROR;
				CLANG_WARN_DOCUMENTATION_COMMENTS = YES;
				CLANG_WARN_EMPTY_BODY = YES;
				CLANG_WARN_ENUM_CONVERSION = YES;
				CLANG_WARN_INFINITE_RECURSION = YES;
				CLANG_WARN_INT_CONVERSION = YES;
				CLANG_WARN_NON_LITERAL_NULL_CONVERSION = YES;
				CLANG_WARN_OBJC_LITERAL_CONVERSION = YES;
				CLANG_WARN_OBJC_ROOT_CLASS = YES_ERROR;
				CLANG_WARN_RANGE_LOOP_ANALYSIS = YES;
				CLANG_WARN_STRICT_PROTOTYPES = YES;
				CLANG_WARN_SUSPICIOUS_MOVE = YES;
				CLANG_WARN_UNGUARDED_AVAILABILITY = YES_AGGRESSIVE;
				CLANG_WARN_UNREACHABLE_CODE = YES;
				CLANG_WARN__DUPLICATE_METHOD_MATCH = YES;
				CODE_SIGN_IDENTITY = "-";
				COPY_PHASE_STRIP = NO;
				DEBUG_INFORMATION_FORMAT = "dwarf-with-dsym";
				ENABLE_NS_ASSERTIONS = NO;
				ENABLE_STRICT_OBJC_MSGSEND = YES;
				GCC_C_LANGUAGE_STANDARD = gnu11;
				GCC_NO_COMMON_BLOCKS = YES;
				GCC_WARN_64_TO_32_BIT_CONVERSION = YES;
				GCC_WARN_ABOUT_RETURN_TYPE = YES_ERROR;
				GCC_WARN_UNDECLARED_SELECTOR = YES;
				GCC_WARN_UNINITIALIZED_AUTOS = YES_AGGRESSIVE;
				GCC_WARN_UNUSED_FUNCTION = YES;
				GCC_WARN_UNUSED_VARIABLE = YES;
				MACOSX_DEPLOYMENT_TARGET = 10.13;
				MTL_ENABLE_DEBUG_INFO = NO;
				SDKROOT = macosx;
			};
			name = Release;
		};
		EC4060CC207CF43B002417A8 /* Debug */ = {
			isa = XCBuildConfiguration;
			buildSettings = {
				CODE_SIGN_STYLE = Automatic;
				PRODUCT_NAME = "$(TARGET_NAME)";
			};
			name = Debug;
		};
		EC4060CD207CF43B002417A8 /* Release */ = {
			isa = XCBuildConfiguration;
			buildSettings = {
				CODE_SIGN_STYLE = Automatic;
				PRODUCT_NAME = "$(TARGET_NAME)";
			};
			name = Release;
		};
/* End XCBuildConfiguration section */

/* Begin XCConfigurationList section */
		EC4060BF207CF43B002417A8 /* Build configuration list for PBXProject "aeds2-tp1" */ = {
			isa = XCConfigurationList;
			buildConfigurations = (
				EC4060C9207CF43B002417A8 /* Debug */,
				EC4060CA207CF43B002417A8 /* Release */,
			);
			defaultConfigurationIsVisible = 0;
			defaultConfigurationName = Release;
		};
		EC4060CB207CF43B002417A8 /* Build configuration list for PBXNativeTarget "aeds2-tp1" */ = {
			isa = XCConfigurationList;
			buildConfigurations = (
				EC4060CC207CF43B002417A8 /* Debug */,
				EC4060CD207CF43B002417A8 /* Release */,
			);
			defaultConfigurationIsVisible = 0;
			defaultConfigurationName = Release;
		};
/* End XCConfigurationList section */
	};
	rootObject = EC4060BC207CF43B002417A8 /* Project object */;
}
